
Microsoft Visual Studio Solution File, Format Version 12.00
# Visual Studio Version 16
VisualStudioVersion = 16.0.29123.88
MinimumVisualStudioVersion = 10.0.40219.1
Project("{9A19103F-16F7-4668-BE54-9A1E7A4F7556}") = "Cortlex.APM.Health.Publishers.InfluxDb", "src\Publishers\Cortlex.APM.Health.Publishers.InfluxDb\Cortlex.APM.Health.Publishers.InfluxDb.csproj", "{5BA22086-7237-48BF-A0EC-4DE3303F50DA}"
EndProject
Global
	GlobalSection(SolutionConfigurationPlatforms) = preSolution
		Debug|Any CPU = Debug|Any CPU
		Release|Any CPU = Release|Any CPU
	EndGlobalSection
	GlobalSection(ProjectConfigurationPlatforms) = postSolution
		{5BA22086-7237-48BF-A0EC-4DE3303F50DA}.Debug|Any CPU.ActiveCfg = Debug|Any CPU
		{5BA22086-7237-48BF-A0EC-4DE3303F50DA}.Debug|Any CPU.Build.0 = Debug|Any CPU
		{5BA22086-7237-48BF-A0EC-4DE3303F50DA}.Release|Any CPU.ActiveCfg = Release|Any CPU
		{5BA22086-7237-48BF-A0EC-4DE3303F50DA}.Release|Any CPU.Build.0 = Release|Any CPU
	EndGlobalSection
	GlobalSection(SolutionProperties) = preSolution
		HideSolutionNode = FALSE
	EndGlobalSection
	GlobalSection(ExtensibilityGlobals) = postSolution
		SolutionGuid = {D13295E2-890B-4C4A-951C-DA0B86D02661}
	EndGlobalSection
EndGlobal
